
Microsoft Visual Studio Solution File, Format Version 12.00
# Visual Studio Version 17
VisualStudioVersion = 17.2.32519.379
MinimumVisualStudioVersion = 10.0.40219.1
Project("{FAE04EC0-301F-11D3-BF4B-00C04F79EFBC}") = "PDF_Merge", "PDF_Merge\PDF_Merge.csproj", "{3BB09AA5-2866-4956-92BC-0B5E02021DB8}"
EndProject
Global
	GlobalSection(SolutionConfigurationPlatforms) = preSolution
		Debug|Any CPU = Debug|Any CPU
		Release|Any CPU = Release|Any CPU
	EndGlobalSection
	GlobalSection(ProjectConfigurationPlatforms) = postSolution
		{3BB09AA5-2866-4956-92BC-0B5E02021DB8}.Debug|Any CPU.ActiveCfg = Debug|Any CPU
		{3BB09AA5-2866-4956-92BC-0B5E02021DB8}.Debug|Any CPU.Build.0 = Debug|Any CPU
		{3BB09AA5-2866-4956-92BC-0B5E02021DB8}.Release|Any CPU.ActiveCfg = Release|Any CPU
		{3BB09AA5-2866-4956-92BC-0B5E02021DB8}.Release|Any CPU.Build.0 = Release|Any CPU
	EndGlobalSection
	GlobalSection(SolutionProperties) = preSolution
		HideSolutionNode = FALSE
	EndGlobalSection
	GlobalSection(ExtensibilityGlobals) = postSolution
		SolutionGuid = {D10438D6-1AB2-407A-AFC2-8BB2AB33D309}
	EndGlobalSection
EndGlobal
